
Microsoft Visual Studio Solution File, Format Version 12.00
# Visual Studio Version 16
VisualStudioVersion = 16.0.29911.84
MinimumVisualStudioVersion = 10.0.40219.1
Project("{9A19103F-16F7-4668-BE54-9A1E7A4F7556}") = "Rakettipeli1", "Fysiikkapeli1\Rakettipeli1.csproj", "{110A932A-4103-42D0-9C58-826F2A1C5ADF}"
EndProject
Global
	GlobalSection(SolutionConfigurationPlatforms) = preSolution
		Debug|Any CPU = Debug|Any CPU
		Release|Any CPU = Release|Any CPU
	EndGlobalSection
	GlobalSection(ProjectConfigurationPlatforms) = postSolution
		{110A932A-4103-42D0-9C58-826F2A1C5ADF}.Debug|Any CPU.ActiveCfg = Debug|Any CPU
		{110A932A-4103-42D0-9C58-826F2A1C5ADF}.Debug|Any CPU.Build.0 = Debug|Any CPU
		{110A932A-4103-42D0-9C58-826F2A1C5ADF}.Release|Any CPU.ActiveCfg = Release|Any CPU
		{110A932A-4103-42D0-9C58-826F2A1C5ADF}.Release|Any CPU.Build.0 = Release|Any CPU
	EndGlobalSection
	GlobalSection(SolutionProperties) = preSolution
		HideSolutionNode = FALSE
	EndGlobalSection
	GlobalSection(ExtensibilityGlobals) = postSolution
		SolutionGuid = {81D8B283-5AA1-445E-A17F-3AA33373300D}
	EndGlobalSection
EndGlobal
