
Microsoft Visual Studio Solution File, Format Version 12.00
# Visual Studio Version 16
VisualStudioVersion = 16.0.29613.14
MinimumVisualStudioVersion = 10.0.40219.1
Project("{9A19103F-16F7-4668-BE54-9A1E7A4F7556}") = "rakettipeli2", "rakettipeli2\rakettipeli2.csproj", "{FA6BB268-DF7F-4E5C-93A2-46D707B4193B}"
EndProject
Project("{FAE04EC0-301F-11D3-BF4B-00C04F79EFBC}") = "rakettipeli3", "rakettipeli3\rakettipeli3.csproj", "{C78E09B9-A8A8-4E45-952D-DC099B65F2A1}"
EndProject
Global
	GlobalSection(SolutionConfigurationPlatforms) = preSolution
		Debug|Any CPU = Debug|Any CPU
		Release|Any CPU = Release|Any CPU
	EndGlobalSection
	GlobalSection(ProjectConfigurationPlatforms) = postSolution
		{FA6BB268-DF7F-4E5C-93A2-46D707B4193B}.Debug|Any CPU.ActiveCfg = Debug|Any CPU
		{FA6BB268-DF7F-4E5C-93A2-46D707B4193B}.Debug|Any CPU.Build.0 = Debug|Any CPU
		{FA6BB268-DF7F-4E5C-93A2-46D707B4193B}.Release|Any CPU.ActiveCfg = Release|Any CPU
		{FA6BB268-DF7F-4E5C-93A2-46D707B4193B}.Release|Any CPU.Build.0 = Release|Any CPU
		{C78E09B9-A8A8-4E45-952D-DC099B65F2A1}.Debug|Any CPU.ActiveCfg = Debug|Any CPU
		{C78E09B9-A8A8-4E45-952D-DC099B65F2A1}.Debug|Any CPU.Build.0 = Debug|Any CPU
		{C78E09B9-A8A8-4E45-952D-DC099B65F2A1}.Release|Any CPU.ActiveCfg = Release|Any CPU
		{C78E09B9-A8A8-4E45-952D-DC099B65F2A1}.Release|Any CPU.Build.0 = Release|Any CPU
	EndGlobalSection
	GlobalSection(SolutionProperties) = preSolution
		HideSolutionNode = FALSE
	EndGlobalSection
	GlobalSection(ExtensibilityGlobals) = postSolution
		SolutionGuid = {5EBB4E80-F138-4357-943F-3A724480FBBA}
	EndGlobalSection
EndGlobal
